
Microsoft Visual Studio Solution File, Format Version 12.00
Project("{FAE04EC0-301F-11D3-BF4B-00C04F79EFBC}") = "Infrastructure", "Infrastructure\Infrastructure.csproj", "{2A66BDAE-C27B-4F62-8C41-8B20CBA90910}"
EndProject
Project("{FAE04EC0-301F-11D3-BF4B-00C04F79EFBC}") = "WebApi", "WebApi\WebApi.csproj", "{E95DB827-99DC-4013-8173-CF6A5CF3C1C2}"
EndProject
Project("{2150E333-8FDC-42A3-9474-1A3956D46DE8}") = "Solution Items", "Solution Items", "{88440277-51E2-41E9-B4C7-1402ADEB3883}"
	ProjectSection(SolutionItems) = preProject
		docker-compose.yml = docker-compose.yml
	EndProjectSection
EndProject
Global
	GlobalSection(SolutionConfigurationPlatforms) = preSolution
		Debug|Any CPU = Debug|Any CPU
		Release|Any CPU = Release|Any CPU
	EndGlobalSection
	GlobalSection(ProjectConfigurationPlatforms) = postSolution
		{2A66BDAE-C27B-4F62-8C41-8B20CBA90910}.Debug|Any CPU.ActiveCfg = Debug|Any CPU
		{2A66BDAE-C27B-4F62-8C41-8B20CBA90910}.Debug|Any CPU.Build.0 = Debug|Any CPU
		{2A66BDAE-C27B-4F62-8C41-8B20CBA90910}.Release|Any CPU.ActiveCfg = Release|Any CPU
		{2A66BDAE-C27B-4F62-8C41-8B20CBA90910}.Release|Any CPU.Build.0 = Release|Any CPU
		{E95DB827-99DC-4013-8173-CF6A5CF3C1C2}.Debug|Any CPU.ActiveCfg = Debug|Any CPU
		{E95DB827-99DC-4013-8173-CF6A5CF3C1C2}.Debug|Any CPU.Build.0 = Debug|Any CPU
		{E95DB827-99DC-4013-8173-CF6A5CF3C1C2}.Release|Any CPU.ActiveCfg = Release|Any CPU
		{E95DB827-99DC-4013-8173-CF6A5CF3C1C2}.Release|Any CPU.Build.0 = Release|Any CPU
	EndGlobalSection
EndGlobal
